
Microsoft Visual Studio Solution File, Format Version 12.00
# Visual Studio 15
VisualStudioVersion = 15.0.27703.2042
MinimumVisualStudioVersion = 10.0.40219.1
Project("{FAE04EC0-301F-11D3-BF4B-00C04F79EFBC}") = "Forum.Web", "Forum.Web\Forum.Web.csproj", "{67D1D8C5-9A32-43B9-A52D-E92E4D840CAD}"
EndProject
Project("{FAE04EC0-301F-11D3-BF4B-00C04F79EFBC}") = "Forum", "Forum\Forum.csproj", "{A36B006C-96C5-492D-9E90-CF5400F70773}"
EndProject
Global
	GlobalSection(SolutionConfigurationPlatforms) = preSolution
		Debug|Any CPU = Debug|Any CPU
		Release|Any CPU = Release|Any CPU
	EndGlobalSection
	GlobalSection(ProjectConfigurationPlatforms) = postSolution
		{67D1D8C5-9A32-43B9-A52D-E92E4D840CAD}.Debug|Any CPU.ActiveCfg = Debug|Any CPU
		{67D1D8C5-9A32-43B9-A52D-E92E4D840CAD}.Debug|Any CPU.Build.0 = Debug|Any CPU
		{67D1D8C5-9A32-43B9-A52D-E92E4D840CAD}.Release|Any CPU.ActiveCfg = Release|Any CPU
		{67D1D8C5-9A32-43B9-A52D-E92E4D840CAD}.Release|Any CPU.Build.0 = Release|Any CPU
		{A36B006C-96C5-492D-9E90-CF5400F70773}.Debug|Any CPU.ActiveCfg = Debug|Any CPU
		{A36B006C-96C5-492D-9E90-CF5400F70773}.Debug|Any CPU.Build.0 = Debug|Any CPU
		{A36B006C-96C5-492D-9E90-CF5400F70773}.Release|Any CPU.ActiveCfg = Release|Any CPU
		{A36B006C-96C5-492D-9E90-CF5400F70773}.Release|Any CPU.Build.0 = Release|Any CPU
	EndGlobalSection
	GlobalSection(SolutionProperties) = preSolution
		HideSolutionNode = FALSE
	EndGlobalSection
	GlobalSection(ExtensibilityGlobals) = postSolution
		SolutionGuid = {2AD012A1-DA7F-4598-844F-008F2D8A28B5}
	EndGlobalSection
EndGlobal
